
Microsoft Visual Studio Solution File, Format Version 12.00
# Visual Studio Version 17
VisualStudioVersion = 17.2.32505.173
MinimumVisualStudioVersion = 10.0.40219.1
Project("{9A19103F-16F7-4668-BE54-9A1E7A4F7556}") = "GameboyColourDecolouriser", "GameboyColourDecolouriser\GameboyColourDecolouriser.csproj", "{12DA8B24-EF08-429D-8E72-1A623F0AB275}"
EndProject
Project("{9A19103F-16F7-4668-BE54-9A1E7A4F7556}") = "GameboyColourDecolouriser.UnitTests", "GameboyColourDecolouriser.UnitTests\GameboyColourDecolouriser.UnitTests.csproj", "{EB22AF2F-C05D-42D3-84BE-A90E0D2B2954}"
EndProject
Global
	GlobalSection(SolutionConfigurationPlatforms) = preSolution
		Debug|Any CPU = Debug|Any CPU
		Release|Any CPU = Release|Any CPU
	EndGlobalSection
	GlobalSection(ProjectConfigurationPlatforms) = postSolution
		{12DA8B24-EF08-429D-8E72-1A623F0AB275}.Debug|Any CPU.ActiveCfg = Debug|Any CPU
		{12DA8B24-EF08-429D-8E72-1A623F0AB275}.Debug|Any CPU.Build.0 = Debug|Any CPU
		{12DA8B24-EF08-429D-8E72-1A623F0AB275}.Release|Any CPU.ActiveCfg = Release|Any CPU
		{12DA8B24-EF08-429D-8E72-1A623F0AB275}.Release|Any CPU.Build.0 = Release|Any CPU
		{EB22AF2F-C05D-42D3-84BE-A90E0D2B2954}.Debug|Any CPU.ActiveCfg = Debug|Any CPU
		{EB22AF2F-C05D-42D3-84BE-A90E0D2B2954}.Debug|Any CPU.Build.0 = Debug|Any CPU
		{EB22AF2F-C05D-42D3-84BE-A90E0D2B2954}.Release|Any CPU.ActiveCfg = Release|Any CPU
		{EB22AF2F-C05D-42D3-84BE-A90E0D2B2954}.Release|Any CPU.Build.0 = Release|Any CPU
	EndGlobalSection
	GlobalSection(SolutionProperties) = preSolution
		HideSolutionNode = FALSE
	EndGlobalSection
	GlobalSection(ExtensibilityGlobals) = postSolution
		SolutionGuid = {5A77ED89-DCE2-4E4C-A9D9-CBBC73EF8368}
	EndGlobalSection
EndGlobal
